
Microsoft Visual Studio Solution File, Format Version 12.00
# Visual Studio Version 16
VisualStudioVersion = 16.0.30011.22
MinimumVisualStudioVersion = 10.0.40219.1
Project("{9A19103F-16F7-4668-BE54-9A1E7A4F7556}") = "AppointmentLibrary", "Appointment\AppointmentLibrary.csproj", "{BF225E7B-CA9E-484E-B8D1-78B245A7791F}"
EndProject
Project("{9A19103F-16F7-4668-BE54-9A1E7A4F7556}") = "HangfireWorker", "HangfireWorkerLibrary\HangfireWorker.csproj", "{F59F0A08-969F-4C7C-80AF-D4A01379A7FE}"
EndProject
Project("{9A19103F-16F7-4668-BE54-9A1E7A4F7556}") = "HangfireServer", "HangfireServer\HangfireServer.csproj", "{0AE0EE33-8D0F-4C02-8EC7-6881F516A153}"
EndProject
Project("{9A19103F-16F7-4668-BE54-9A1E7A4F7556}") = "APIAppointment", "APIAppointment\APIAppointment.csproj", "{1F8FDE37-569C-41F0-A199-A4967A4AF202}"
EndProject
Project("{9A19103F-16F7-4668-BE54-9A1E7A4F7556}") = "RabbitMQEventBus", "RabbitMQEventBus\RabbitMQEventBus.csproj", "{CF6931F5-337D-4787-AA18-A3BFB014C4E6}"
EndProject
Global
	GlobalSection(SolutionConfigurationPlatforms) = preSolution
		Debug|Any CPU = Debug|Any CPU
		Release|Any CPU = Release|Any CPU
	EndGlobalSection
	GlobalSection(ProjectConfigurationPlatforms) = postSolution
		{BF225E7B-CA9E-484E-B8D1-78B245A7791F}.Debug|Any CPU.ActiveCfg = Debug|Any CPU
		{BF225E7B-CA9E-484E-B8D1-78B245A7791F}.Debug|Any CPU.Build.0 = Debug|Any CPU
		{BF225E7B-CA9E-484E-B8D1-78B245A7791F}.Release|Any CPU.ActiveCfg = Release|Any CPU
		{BF225E7B-CA9E-484E-B8D1-78B245A7791F}.Release|Any CPU.Build.0 = Release|Any CPU
		{F59F0A08-969F-4C7C-80AF-D4A01379A7FE}.Debug|Any CPU.ActiveCfg = Debug|Any CPU
		{F59F0A08-969F-4C7C-80AF-D4A01379A7FE}.Debug|Any CPU.Build.0 = Debug|Any CPU
		{F59F0A08-969F-4C7C-80AF-D4A01379A7FE}.Release|Any CPU.ActiveCfg = Release|Any CPU
		{F59F0A08-969F-4C7C-80AF-D4A01379A7FE}.Release|Any CPU.Build.0 = Release|Any CPU
		{0AE0EE33-8D0F-4C02-8EC7-6881F516A153}.Debug|Any CPU.ActiveCfg = Debug|Any CPU
		{0AE0EE33-8D0F-4C02-8EC7-6881F516A153}.Debug|Any CPU.Build.0 = Debug|Any CPU
		{0AE0EE33-8D0F-4C02-8EC7-6881F516A153}.Release|Any CPU.ActiveCfg = Release|Any CPU
		{0AE0EE33-8D0F-4C02-8EC7-6881F516A153}.Release|Any CPU.Build.0 = Release|Any CPU
		{1F8FDE37-569C-41F0-A199-A4967A4AF202}.Debug|Any CPU.ActiveCfg = Debug|Any CPU
		{1F8FDE37-569C-41F0-A199-A4967A4AF202}.Debug|Any CPU.Build.0 = Debug|Any CPU
		{1F8FDE37-569C-41F0-A199-A4967A4AF202}.Release|Any CPU.ActiveCfg = Release|Any CPU
		{1F8FDE37-569C-41F0-A199-A4967A4AF202}.Release|Any CPU.Build.0 = Release|Any CPU
		{CF6931F5-337D-4787-AA18-A3BFB014C4E6}.Debug|Any CPU.ActiveCfg = Debug|Any CPU
		{CF6931F5-337D-4787-AA18-A3BFB014C4E6}.Debug|Any CPU.Build.0 = Debug|Any CPU
		{CF6931F5-337D-4787-AA18-A3BFB014C4E6}.Release|Any CPU.ActiveCfg = Release|Any CPU
		{CF6931F5-337D-4787-AA18-A3BFB014C4E6}.Release|Any CPU.Build.0 = Release|Any CPU
	EndGlobalSection
	GlobalSection(SolutionProperties) = preSolution
		HideSolutionNode = FALSE
	EndGlobalSection
	GlobalSection(ExtensibilityGlobals) = postSolution
		SolutionGuid = {00736121-3A48-41AF-B34D-9B89FE78718C}
	EndGlobalSection
EndGlobal
